{
    "_meta": {
        "hash": {
            "sha256": "69fad932d3925ed07517946bb2dc8f8f44c14843ed6fc3688676432a67e78aad"
        },
        "pipfile-spec": 6,
        "requires": {
            "python_version": "3.8"
        },
        "sources": [
            {
                "name": "pypi",
                "url": "https://pypi.org/simple",
                "verify_ssl": true
            }
        ]
    },
    "default": {
        "aiohttp": {
            "hashes": [
                "sha256:1e984191d1ec186881ffaed4581092ba04f7c61582a177b187d3a2f07ed9719e",
                "sha256:259ab809ff0727d0e834ac5e8a283dc5e3e0ecc30c4d80b3cd17a4139ce1f326",
                "sha256:2f4d1a4fdce595c947162333353d4a44952a724fba9ca3205a3df99a33d1307a",
                "sha256:32e5f3b7e511aa850829fbe5aa32eb455e5534eaa4b1ce93231d00e2f76e5654",
                "sha256:344c780466b73095a72c616fac5ea9c4665add7fc129f285fbdbca3cccf4612a",
                "sha256:460bd4237d2dbecc3b5ed57e122992f60188afe46e7319116da5eb8a9dfedba4",
                "sha256:4c6efd824d44ae697814a2a85604d8e992b875462c6655da161ff18fd4f29f17",
                "sha256:50aaad128e6ac62e7bf7bd1f0c0a24bc968a0c0590a726d5a955af193544bcec",
                "sha256:6206a135d072f88da3e71cc501c59d5abffa9d0bb43269a6dcd28d66bfafdbdd",
                "sha256:65f31b622af739a802ca6fd1a3076fd0ae523f8485c52924a89561ba10c49b48",
                "sha256:ae55bac364c405caa23a4f2d6cfecc6a0daada500274ffca4a9230e7129eac59",
                "sha256:b778ce0c909a2653741cb4b1ac7015b5c130ab9c897611df43ae6a58523cb965"
            ],
            "version": "==3.6.2"
        },
        "async-timeout": {
            "hashes": [
                "sha256:0c3c816a028d47f659d6ff5c745cb2acf1f966da1fe5c19c77a70282b25f4c5f",
                "sha256:4291ca197d287d274d0b6cb5d6f8f8f82d434ed288f962539ff18cc9012f9ea3"
            ],
            "version": "==3.0.1"
        },
        "attrs": {
            "hashes": [
                "sha256:08a96c641c3a74e44eb59afb61a24f2cb9f4d7188748e76ba4bb5edfa3cb7d1c",
                "sha256:f7b7ce16570fe9965acd6d30101a28f62fb4a7f9e926b3bbc9b61f8b04247e72"
            ],
            "version": "==19.3.0"
        },
        "certifi": {
            "hashes": [
                "sha256:e4f3620cfea4f83eedc95b24abd9cd56f3c4b146dd0177e83a21b4eb49e21e50",
                "sha256:fd7c7c74727ddcf00e9acd26bba8da604ffec95bf1c2144e67aff7a8b50e6cef"
            ],
            "version": "==2019.9.11"
        },
        "chardet": {
            "hashes": [
                "sha256:84ab92ed1c4d4f16916e05906b6b75a6c0fb5db821cc65e70cbd64a3e2a5eaae",
                "sha256:fc323ffcaeaed0e0a02bf4d117757b98aed530d9ed4531e3e15460124c106691"
            ],
            "version": "==3.0.4"
        },
        "idna": {
            "hashes": [
                "sha256:c357b3f628cf53ae2c4c05627ecc484553142ca23264e593d327bcde5e9c3407",
                "sha256:ea8b7f6188e6fa117537c3df7da9fc686d485087abf6ac197f9c46432f7e4a3c"
            ],
            "version": "==2.8"
        },
        "multidict": {
            "hashes": [
                "sha256:08f00f616e4353dcdc0d099f36a41ec97246bf21f8c47bcdc0dded2f7d19a504",
                "sha256:38dc36421645832935221f7e59fb6a28e4b46a8964afe4bcebaf571990cca71d",
                "sha256:56b6d68a491884878f71a9e26cb97938be079676fb085f8918b5c04341d32fcc",
                "sha256:56fb5c003ef5d7b0d4957fe2d36fc29df16e56667ef78ee2a5bc5379c874fff0",
                "sha256:79eb0e87345581ee54517aa992a7ba712992cc49365ebe8dee8941deff8f05fa",
                "sha256:8a8a2d751d6819c78f34e9b0585b6a4bdba48419b974ea4da1f18266f4bf58be",
                "sha256:8f36da9daa09442ce948a62920dd07db79cbfec7e3bbf59aafbf1074cf12a1e6",
                "sha256:9190079aba47b54332bbcc45076c920622178f8df46e518bdbbfdf248c263947",
                "sha256:92c2a0ca7eaac81fd666f62a9020ad076c98b49e2176c1687b00ea736c7f5470",
                "sha256:a832c84e304ccb14dd49c28c04c944700fe6223c6ec3a0a7cb939c54b9c79e1d",
                "sha256:b0949bffd86aa640d3ad7c5dfc87b472097b9de44ff7c00f790eba4e5233f44f",
                "sha256:b949a2c80136aec1b5b68538924c12e13f37f26d10f0ca54ff2cce84368ff8cc",
                "sha256:e74cbadef9c961152c765f64efe959c8051d9fcfb89f18bcdf1fdd6e60facfc7",
                "sha256:ee2a54a197392752ca1bcd9cdb0e2a96fdefe2f0e029b2c09b72e03197c88a52",
                "sha256:eef66d45b31a6419c6ba35a782fcb5c34ffffc92d7a551e56ff30a2000640d8d",
                "sha256:f83cb1ca64da2c3793a3b18998008f451e6898fc07efd44567855378d84251ae",
                "sha256:fb1274ca2fc7a510b85b07923c54ffd2186b8043e191b2b791f9b578a8609504"
            ],
            "version": "==4.6.0"
        },
        "pyyaml": {
            "hashes": [
                "sha256:0113bc0ec2ad727182326b61326afa3d1d8280ae1122493553fd6f4397f33df9",
                "sha256:01adf0b6c6f61bd11af6e10ca52b7d4057dd0be0343eb9283c878cf3af56aee4",
                "sha256:5124373960b0b3f4aa7df1707e63e9f109b5263eca5976c66e08b1c552d4eaf8",
                "sha256:5ca4f10adbddae56d824b2c09668e91219bb178a1eee1faa56af6f99f11bf696",
                "sha256:7907be34ffa3c5a32b60b95f4d95ea25361c951383a894fec31be7252b2b6f34",
                "sha256:7ec9b2a4ed5cad025c2278a1e6a19c011c80a3caaac804fd2d329e9cc2c287c9",
                "sha256:87ae4c829bb25b9fe99cf71fbb2140c448f534e24c998cc60f39ae4f94396a73",
                "sha256:9de9919becc9cc2ff03637872a440195ac4241c80536632fffeb6a1e25a74299",
                "sha256:a5a85b10e450c66b49f98846937e8cfca1db3127a9d5d1e31ca45c3d0bef4c5b",
                "sha256:b0997827b4f6a7c286c01c5f60384d218dca4ed7d9efa945c3e1aa623d5709ae",
                "sha256:b631ef96d3222e62861443cc89d6563ba3eeb816eeb96b2629345ab795e53681",
                "sha256:bf47c0607522fdbca6c9e817a6e81b08491de50f3766a7a0e6a5be7905961b41",
                "sha256:f81025eddd0327c7d4cfe9b62cf33190e1e736cc6e97502b3ec425f574b3e7a8"
            ],
            "index": "pypi",
            "version": "==5.1.2"
        },
        "requests": {
            "hashes": [
                "sha256:11e007a8a2aa0323f5a921e9e6a2d7e4e67d9877e85773fba9ba6419025cbeb4",
                "sha256:9cf5292fcd0f598c671cfc1e0d7d1a7f13bb8085e9a590f48c010551dc6c4b31"
            ],
            "index": "pypi",
            "version": "==2.22.0"
        },
        "slackclient": {
            "hashes": [
                "sha256:d63cb1d2866dee978f7e736a8693bb708adf9a36c1ce672b57b90709a1a9d0f8",
                "sha256:dcb2d48a43fcafb9ddf65471d6c88a6a5e976d500474a507e8f1832e0046eaf8"
            ],
            "index": "pypi",
            "version": "==2.3.1"
        },
        "urllib3": {
            "hashes": [
                "sha256:a8a318824cc77d1fd4b2bec2ded92646630d7fe8619497b142c84a9e6f5a7293",
                "sha256:f3c5fd51747d450d4dcf6f923c81f78f811aab8205fda64b0aba34a4e48b0745"
            ],
            "version": "==1.25.7"
        },
        "yarl": {
            "hashes": [
                "sha256:024ecdc12bc02b321bc66b41327f930d1c2c543fa9a561b39861da9388ba7aa9",
                "sha256:2f3010703295fbe1aec51023740871e64bb9664c789cba5a6bdf404e93f7568f",
                "sha256:3890ab952d508523ef4881457c4099056546593fa05e93da84c7250516e632eb",
                "sha256:3e2724eb9af5dc41648e5bb304fcf4891adc33258c6e14e2a7414ea32541e320",
                "sha256:5badb97dd0abf26623a9982cd448ff12cb39b8e4c94032ccdedf22ce01a64842",
                "sha256:73f447d11b530d860ca1e6b582f947688286ad16ca42256413083d13f260b7a0",
                "sha256:7ab825726f2940c16d92aaec7d204cfc34ac26c0040da727cf8ba87255a33829",
                "sha256:b25de84a8c20540531526dfbb0e2d2b648c13fd5dd126728c496d7c3fea33310",
                "sha256:c6e341f5a6562af74ba55205dbd56d248daf1b5748ec48a0200ba227bb9e33f4",
                "sha256:c9bb7c249c4432cd47e75af3864bc02d26c9594f49c82e2a28624417f0ae63b8",
                "sha256:e060906c0c585565c718d1c3841747b61c5439af2211e185f6739a9412dfbde1"
            ],
            "version": "==1.3.0"
        }
    },
    "develop": {}
}
